
Microsoft Visual Studio Solution File, Format Version 12.00
Project("{2150E333-8FDC-42A3-9474-1A3956D46DE8}") = "services", "services", "{8C6B5D85-9E88-4E6A-92E0-221F6BB2FB52}"
EndProject
Project("{2150E333-8FDC-42A3-9474-1A3956D46DE8}") = "src", "src", "{0A7B47E6-C60E-498F-8894-C227567C71D3}"
EndProject
Project("{2150E333-8FDC-42A3-9474-1A3956D46DE8}") = "Op.Core", "Op.Core", "{B699C274-920A-45A5-B599-A38E084E71B3}"
EndProject
Project("{2150E333-8FDC-42A3-9474-1A3956D46DE8}") = "Op.Extrenal", "Op.Extrenal", "{97A9800A-2FB6-446D-8935-F2A049218153}"
EndProject
Project("{2150E333-8FDC-42A3-9474-1A3956D46DE8}") = "Op.Shared", "Op.Shared", "{8F3CB6BC-E180-443B-B102-E16B44CBC2C9}"
EndProject
Project("{2150E333-8FDC-42A3-9474-1A3956D46DE8}") = "Op.Worker", "Op.Worker", "{8E4F0ACB-E3FF-428C-A73C-5C60C9E28ADF}"
EndProject
Project("{2150E333-8FDC-42A3-9474-1A3956D46DE8}") = "Op.Socket", "Op.Socket", "{31582CCE-7517-41FB-AB06-F4F125DB9A41}"
EndProject
Project("{FAE04EC0-301F-11D3-BF4B-00C04F79EFBC}") = "Op.Application", "services\src\Op.Core\Op.Application\Op.Application.csproj", "{9C8296DC-7578-46CA-84E8-1291CCDA6119}"
EndProject
Project("{FAE04EC0-301F-11D3-BF4B-00C04F79EFBC}") = "Op.Domain", "services\src\Op.Core\Op.Domain\Op.Domain.csproj", "{7C331BB5-349A-4776-B011-AFF03FBCCFBC}"
EndProject
Project("{FAE04EC0-301F-11D3-BF4B-00C04F79EFBC}") = "Op.Infrasturcture", "services\src\Extrenal\Op.Infrasturcture\Op.Infrasturcture.csproj", "{727B492B-8280-487D-8846-3C1A48EB81AE}"
EndProject
Project("{FAE04EC0-301F-11D3-BF4B-00C04F79EFBC}") = "Op.Persistance", "services\src\Extrenal\Op.Persistance\Op.Persistance.csproj", "{281E01A8-2161-497A-A168-45FE8EEBC0C4}"
EndProject
Project("{FAE04EC0-301F-11D3-BF4B-00C04F79EFBC}") = "Op.Presentatiton", "services\src\Extrenal\Op.Presentatiton\Op.Presentatiton.csproj", "{04BFF107-B0F0-400F-93E3-85D492828ACC}"
EndProject
Project("{FAE04EC0-301F-11D3-BF4B-00C04F79EFBC}") = "OpShared", "services\src\OpShared\OpShared\OpShared.csproj", "{DE2D38A0-4259-49D1-8469-A13B6010CC0F}"
EndProject
Global
	GlobalSection(SolutionConfigurationPlatforms) = preSolution
		Debug|Any CPU = Debug|Any CPU
		Release|Any CPU = Release|Any CPU
	EndGlobalSection
	GlobalSection(NestedProjects) = preSolution
		{0A7B47E6-C60E-498F-8894-C227567C71D3} = {8C6B5D85-9E88-4E6A-92E0-221F6BB2FB52}
		{B699C274-920A-45A5-B599-A38E084E71B3} = {0A7B47E6-C60E-498F-8894-C227567C71D3}
		{97A9800A-2FB6-446D-8935-F2A049218153} = {0A7B47E6-C60E-498F-8894-C227567C71D3}
		{8F3CB6BC-E180-443B-B102-E16B44CBC2C9} = {0A7B47E6-C60E-498F-8894-C227567C71D3}
		{8E4F0ACB-E3FF-428C-A73C-5C60C9E28ADF} = {0A7B47E6-C60E-498F-8894-C227567C71D3}
		{31582CCE-7517-41FB-AB06-F4F125DB9A41} = {0A7B47E6-C60E-498F-8894-C227567C71D3}
		{9C8296DC-7578-46CA-84E8-1291CCDA6119} = {B699C274-920A-45A5-B599-A38E084E71B3}
		{7C331BB5-349A-4776-B011-AFF03FBCCFBC} = {B699C274-920A-45A5-B599-A38E084E71B3}
		{727B492B-8280-487D-8846-3C1A48EB81AE} = {97A9800A-2FB6-446D-8935-F2A049218153}
		{281E01A8-2161-497A-A168-45FE8EEBC0C4} = {97A9800A-2FB6-446D-8935-F2A049218153}
		{04BFF107-B0F0-400F-93E3-85D492828ACC} = {97A9800A-2FB6-446D-8935-F2A049218153}
		{DE2D38A0-4259-49D1-8469-A13B6010CC0F} = {8F3CB6BC-E180-443B-B102-E16B44CBC2C9}
	EndGlobalSection
	GlobalSection(ProjectConfigurationPlatforms) = postSolution
		{9C8296DC-7578-46CA-84E8-1291CCDA6119}.Debug|Any CPU.ActiveCfg = Debug|Any CPU
		{9C8296DC-7578-46CA-84E8-1291CCDA6119}.Debug|Any CPU.Build.0 = Debug|Any CPU
		{9C8296DC-7578-46CA-84E8-1291CCDA6119}.Release|Any CPU.ActiveCfg = Release|Any CPU
		{9C8296DC-7578-46CA-84E8-1291CCDA6119}.Release|Any CPU.Build.0 = Release|Any CPU
		{7C331BB5-349A-4776-B011-AFF03FBCCFBC}.Debug|Any CPU.ActiveCfg = Debug|Any CPU
		{7C331BB5-349A-4776-B011-AFF03FBCCFBC}.Debug|Any CPU.Build.0 = Debug|Any CPU
		{7C331BB5-349A-4776-B011-AFF03FBCCFBC}.Release|Any CPU.ActiveCfg = Release|Any CPU
		{7C331BB5-349A-4776-B011-AFF03FBCCFBC}.Release|Any CPU.Build.0 = Release|Any CPU
		{727B492B-8280-487D-8846-3C1A48EB81AE}.Debug|Any CPU.ActiveCfg = Debug|Any CPU
		{727B492B-8280-487D-8846-3C1A48EB81AE}.Debug|Any CPU.Build.0 = Debug|Any CPU
		{727B492B-8280-487D-8846-3C1A48EB81AE}.Release|Any CPU.ActiveCfg = Release|Any CPU
		{727B492B-8280-487D-8846-3C1A48EB81AE}.Release|Any CPU.Build.0 = Release|Any CPU
		{281E01A8-2161-497A-A168-45FE8EEBC0C4}.Debug|Any CPU.ActiveCfg = Debug|Any CPU
		{281E01A8-2161-497A-A168-45FE8EEBC0C4}.Debug|Any CPU.Build.0 = Debug|Any CPU
		{281E01A8-2161-497A-A168-45FE8EEBC0C4}.Release|Any CPU.ActiveCfg = Release|Any CPU
		{281E01A8-2161-497A-A168-45FE8EEBC0C4}.Release|Any CPU.Build.0 = Release|Any CPU
		{04BFF107-B0F0-400F-93E3-85D492828ACC}.Debug|Any CPU.ActiveCfg = Debug|Any CPU
		{04BFF107-B0F0-400F-93E3-85D492828ACC}.Debug|Any CPU.Build.0 = Debug|Any CPU
		{04BFF107-B0F0-400F-93E3-85D492828ACC}.Release|Any CPU.ActiveCfg = Release|Any CPU
		{04BFF107-B0F0-400F-93E3-85D492828ACC}.Release|Any CPU.Build.0 = Release|Any CPU
		{DE2D38A0-4259-49D1-8469-A13B6010CC0F}.Debug|Any CPU.ActiveCfg = Debug|Any CPU
		{DE2D38A0-4259-49D1-8469-A13B6010CC0F}.Debug|Any CPU.Build.0 = Debug|Any CPU
		{DE2D38A0-4259-49D1-8469-A13B6010CC0F}.Release|Any CPU.ActiveCfg = Release|Any CPU
		{DE2D38A0-4259-49D1-8469-A13B6010CC0F}.Release|Any CPU.Build.0 = Release|Any CPU
	EndGlobalSection
EndGlobal
